
Microsoft Visual Studio Solution File, Format Version 12.00
# Visual Studio 15
VisualStudioVersion = 15.0.28307.489
MinimumVisualStudioVersion = 10.0.40219.1
Project("{FAE04EC0-301F-11D3-BF4B-00C04F79EFBC}") = "ClientWeb", "ClientWeb\ClientWeb.csproj", "{E4F87FF1-CC73-4A82-AB12-039CEEE297B6}"
EndProject
Project("{FAE04EC0-301F-11D3-BF4B-00C04F79EFBC}") = "DAL", "DAL\DAL.csproj", "{BDBD6502-17C6-474F-84DB-FBCDF113870C}"
EndProject
Project("{FAE04EC0-301F-11D3-BF4B-00C04F79EFBC}") = "Common", "Common\Common.csproj", "{7D747698-28CC-412F-BA44-B3F1667C31A5}"
EndProject
Project("{FAE04EC0-301F-11D3-BF4B-00C04F79EFBC}") = "UnitTestProject1", "UnitTestProject1\UnitTestProject1.csproj", "{52514098-1204-4F1F-8F28-C43DABB15D37}"
EndProject
Project("{FAE04EC0-301F-11D3-BF4B-00C04F79EFBC}") = "Model", "Model\Model.csproj", "{7D927AAB-F4AB-4B04-89BF-6D3D7C05E586}"
EndProject
Global
	GlobalSection(SolutionConfigurationPlatforms) = preSolution
		Debug|Any CPU = Debug|Any CPU
		Release|Any CPU = Release|Any CPU
	EndGlobalSection
	GlobalSection(ProjectConfigurationPlatforms) = postSolution
		{E4F87FF1-CC73-4A82-AB12-039CEEE297B6}.Debug|Any CPU.ActiveCfg = Debug|Any CPU
		{E4F87FF1-CC73-4A82-AB12-039CEEE297B6}.Debug|Any CPU.Build.0 = Debug|Any CPU
		{E4F87FF1-CC73-4A82-AB12-039CEEE297B6}.Release|Any CPU.ActiveCfg = Release|Any CPU
		{E4F87FF1-CC73-4A82-AB12-039CEEE297B6}.Release|Any CPU.Build.0 = Release|Any CPU
		{BDBD6502-17C6-474F-84DB-FBCDF113870C}.Debug|Any CPU.ActiveCfg = Debug|Any CPU
		{BDBD6502-17C6-474F-84DB-FBCDF113870C}.Debug|Any CPU.Build.0 = Debug|Any CPU
		{BDBD6502-17C6-474F-84DB-FBCDF113870C}.Release|Any CPU.ActiveCfg = Release|Any CPU
		{BDBD6502-17C6-474F-84DB-FBCDF113870C}.Release|Any CPU.Build.0 = Release|Any CPU
		{7D747698-28CC-412F-BA44-B3F1667C31A5}.Debug|Any CPU.ActiveCfg = Debug|Any CPU
		{7D747698-28CC-412F-BA44-B3F1667C31A5}.Debug|Any CPU.Build.0 = Debug|Any CPU
		{7D747698-28CC-412F-BA44-B3F1667C31A5}.Release|Any CPU.ActiveCfg = Release|Any CPU
		{7D747698-28CC-412F-BA44-B3F1667C31A5}.Release|Any CPU.Build.0 = Release|Any CPU
		{52514098-1204-4F1F-8F28-C43DABB15D37}.Debug|Any CPU.ActiveCfg = Debug|Any CPU
		{52514098-1204-4F1F-8F28-C43DABB15D37}.Debug|Any CPU.Build.0 = Debug|Any CPU
		{52514098-1204-4F1F-8F28-C43DABB15D37}.Release|Any CPU.ActiveCfg = Release|Any CPU
		{52514098-1204-4F1F-8F28-C43DABB15D37}.Release|Any CPU.Build.0 = Release|Any CPU
		{7D927AAB-F4AB-4B04-89BF-6D3D7C05E586}.Debug|Any CPU.ActiveCfg = Debug|Any CPU
		{7D927AAB-F4AB-4B04-89BF-6D3D7C05E586}.Debug|Any CPU.Build.0 = Debug|Any CPU
		{7D927AAB-F4AB-4B04-89BF-6D3D7C05E586}.Release|Any CPU.ActiveCfg = Release|Any CPU
		{7D927AAB-F4AB-4B04-89BF-6D3D7C05E586}.Release|Any CPU.Build.0 = Release|Any CPU
	EndGlobalSection
	GlobalSection(SolutionProperties) = preSolution
		HideSolutionNode = FALSE
	EndGlobalSection
	GlobalSection(ExtensibilityGlobals) = postSolution
		SolutionGuid = {594BA082-7C14-4966-ABE5-41CE6B4D1637}
	EndGlobalSection
EndGlobal
